
Microsoft Visual Studio Solution File, Format Version 12.00
# Visual Studio 15
Project("{FAE04EC0-301F-11D3-BF4B-00C04F79EFBC}") = "Assembly-CSharp", "Assembly-CSharp.csproj", "{AECFE741-469A-521E-C6E6-03F5A370CDD5}"
EndProject
Global
	GlobalSection(SolutionConfigurationPlatforms) = preSolution
		Debug|Any CPU = Debug|Any CPU
		Release|Any CPU = Release|Any CPU
	EndGlobalSection
	GlobalSection(ProjectConfigurationPlatforms) = postSolution
		{AECFE741-469A-521E-C6E6-03F5A370CDD5}.Debug|Any CPU.ActiveCfg = Debug|Any CPU
		{AECFE741-469A-521E-C6E6-03F5A370CDD5}.Debug|Any CPU.Build.0 = Debug|Any CPU
		{AECFE741-469A-521E-C6E6-03F5A370CDD5}.Release|Any CPU.ActiveCfg = Release|Any CPU
		{AECFE741-469A-521E-C6E6-03F5A370CDD5}.Release|Any CPU.Build.0 = Release|Any CPU
	EndGlobalSection
	GlobalSection(SolutionProperties) = preSolution
		HideSolutionNode = FALSE
	EndGlobalSection
EndGlobal
